
Microsoft Visual Studio Solution File, Format Version 12.00
# Visual Studio Version 17
VisualStudioVersion = 17.6.33829.357
MinimumVisualStudioVersion = 10.0.40219.1
Project("{2150E333-8FDC-42A3-9474-1A3956D46DE8}") = "src", "src", "{2487D795-1977-45B5-8894-B5893157F0FF}"
EndProject
Project("{2150E333-8FDC-42A3-9474-1A3956D46DE8}") = "Api", "Api", "{EF9DA832-9B70-4EE3-AD94-C6DBD2686D0E}"
EndProject
Project("{2150E333-8FDC-42A3-9474-1A3956D46DE8}") = "Common", "Common", "{62ADD432-0752-464F-A7FA-17B8DD515EA8}"
EndProject
Project("{2150E333-8FDC-42A3-9474-1A3956D46DE8}") = "Sessions", "Sessions", "{8FA8C95F-F9BF-4E6B-AD20-FD8BFFF103E5}"
EndProject
Project("{2150E333-8FDC-42A3-9474-1A3956D46DE8}") = "tests", "tests", "{C551E3C5-0B3A-4386-A8F0-272BE1D487B9}"
EndProject
Project("{9A19103F-16F7-4668-BE54-9A1E7A4F7556}") = "Application.Common", "Common\Application.Common\Application.Common.csproj", "{6809A6DF-7B0E-49FC-9E6A-994C57FC6167}"
EndProject
Project("{9A19103F-16F7-4668-BE54-9A1E7A4F7556}") = "Domain", "Common\Domain\Domain.csproj", "{CAB7A7E0-28EE-448B-9198-15C69762D89A}"
EndProject
Project("{9A19103F-16F7-4668-BE54-9A1E7A4F7556}") = "Infrastructure.Common", "Common\Infrastructure.Common\Infrastructure.Common.csproj", "{EA011C4E-CC4E-49D5-8438-DED962D3EC4D}"
EndProject
Project("{9A19103F-16F7-4668-BE54-9A1E7A4F7556}") = "Application.Sessions", "Sessions\Application.Sessions\Application.Sessions.csproj", "{4DEEB6BB-77C4-4FC2-9B4C-6D8832408232}"
EndProject
Project("{9A19103F-16F7-4668-BE54-9A1E7A4F7556}") = "Infrastructure.Sessions", "Sessions\Infrastructure.Sessions\Infrastructure.Sessions.csproj", "{1AB01A7D-E7BC-45EC-8409-8D7AE01123FA}"
EndProject
Project("{2150E333-8FDC-42A3-9474-1A3956D46DE8}") = "Locations", "Locations", "{7A202B57-45AC-43AF-AFF5-D3BD8F61172A}"
EndProject
Project("{9A19103F-16F7-4668-BE54-9A1E7A4F7556}") = "Application.Locations", "Locations\Application.Locations\Application.Locations.csproj", "{B268B400-93DB-47E3-A73C-0A971A4658F9}"
EndProject
Project("{9A19103F-16F7-4668-BE54-9A1E7A4F7556}") = "Infrastructure.Locations", "Locations\Infrastructure.Locations\Infrastructure.Locations.csproj", "{7A07CAAC-5306-4400-9370-BA0F39D55747}"
EndProject
Project("{9A19103F-16F7-4668-BE54-9A1E7A4F7556}") = "Deathmatch-Sessions", "Api\Deathmatch-Sessions\Deathmatch-Sessions.csproj", "{6D1E7B0C-5BB4-47ED-A18B-2232F674CDA4}"
EndProject
Global
	GlobalSection(SolutionConfigurationPlatforms) = preSolution
		Debug|Any CPU = Debug|Any CPU
		Release|Any CPU = Release|Any CPU
	EndGlobalSection
	GlobalSection(ProjectConfigurationPlatforms) = postSolution
		{6809A6DF-7B0E-49FC-9E6A-994C57FC6167}.Debug|Any CPU.ActiveCfg = Debug|Any CPU
		{6809A6DF-7B0E-49FC-9E6A-994C57FC6167}.Debug|Any CPU.Build.0 = Debug|Any CPU
		{6809A6DF-7B0E-49FC-9E6A-994C57FC6167}.Release|Any CPU.ActiveCfg = Release|Any CPU
		{6809A6DF-7B0E-49FC-9E6A-994C57FC6167}.Release|Any CPU.Build.0 = Release|Any CPU
		{CAB7A7E0-28EE-448B-9198-15C69762D89A}.Debug|Any CPU.ActiveCfg = Debug|Any CPU
		{CAB7A7E0-28EE-448B-9198-15C69762D89A}.Debug|Any CPU.Build.0 = Debug|Any CPU
		{CAB7A7E0-28EE-448B-9198-15C69762D89A}.Release|Any CPU.ActiveCfg = Release|Any CPU
		{CAB7A7E0-28EE-448B-9198-15C69762D89A}.Release|Any CPU.Build.0 = Release|Any CPU
		{EA011C4E-CC4E-49D5-8438-DED962D3EC4D}.Debug|Any CPU.ActiveCfg = Debug|Any CPU
		{EA011C4E-CC4E-49D5-8438-DED962D3EC4D}.Debug|Any CPU.Build.0 = Debug|Any CPU
		{EA011C4E-CC4E-49D5-8438-DED962D3EC4D}.Release|Any CPU.ActiveCfg = Release|Any CPU
		{EA011C4E-CC4E-49D5-8438-DED962D3EC4D}.Release|Any CPU.Build.0 = Release|Any CPU
		{4DEEB6BB-77C4-4FC2-9B4C-6D8832408232}.Debug|Any CPU.ActiveCfg = Debug|Any CPU
		{4DEEB6BB-77C4-4FC2-9B4C-6D8832408232}.Debug|Any CPU.Build.0 = Debug|Any CPU
		{4DEEB6BB-77C4-4FC2-9B4C-6D8832408232}.Release|Any CPU.ActiveCfg = Release|Any CPU
		{4DEEB6BB-77C4-4FC2-9B4C-6D8832408232}.Release|Any CPU.Build.0 = Release|Any CPU
		{1AB01A7D-E7BC-45EC-8409-8D7AE01123FA}.Debug|Any CPU.ActiveCfg = Debug|Any CPU
		{1AB01A7D-E7BC-45EC-8409-8D7AE01123FA}.Debug|Any CPU.Build.0 = Debug|Any CPU
		{1AB01A7D-E7BC-45EC-8409-8D7AE01123FA}.Release|Any CPU.ActiveCfg = Release|Any CPU
		{1AB01A7D-E7BC-45EC-8409-8D7AE01123FA}.Release|Any CPU.Build.0 = Release|Any CPU
		{B268B400-93DB-47E3-A73C-0A971A4658F9}.Debug|Any CPU.ActiveCfg = Debug|Any CPU
		{B268B400-93DB-47E3-A73C-0A971A4658F9}.Debug|Any CPU.Build.0 = Debug|Any CPU
		{B268B400-93DB-47E3-A73C-0A971A4658F9}.Release|Any CPU.ActiveCfg = Release|Any CPU
		{B268B400-93DB-47E3-A73C-0A971A4658F9}.Release|Any CPU.Build.0 = Release|Any CPU
		{7A07CAAC-5306-4400-9370-BA0F39D55747}.Debug|Any CPU.ActiveCfg = Debug|Any CPU
		{7A07CAAC-5306-4400-9370-BA0F39D55747}.Debug|Any CPU.Build.0 = Debug|Any CPU
		{7A07CAAC-5306-4400-9370-BA0F39D55747}.Release|Any CPU.ActiveCfg = Release|Any CPU
		{7A07CAAC-5306-4400-9370-BA0F39D55747}.Release|Any CPU.Build.0 = Release|Any CPU
		{6D1E7B0C-5BB4-47ED-A18B-2232F674CDA4}.Debug|Any CPU.ActiveCfg = Debug|Any CPU
		{6D1E7B0C-5BB4-47ED-A18B-2232F674CDA4}.Debug|Any CPU.Build.0 = Debug|Any CPU
		{6D1E7B0C-5BB4-47ED-A18B-2232F674CDA4}.Release|Any CPU.ActiveCfg = Release|Any CPU
		{6D1E7B0C-5BB4-47ED-A18B-2232F674CDA4}.Release|Any CPU.Build.0 = Release|Any CPU
	EndGlobalSection
	GlobalSection(SolutionProperties) = preSolution
		HideSolutionNode = FALSE
	EndGlobalSection
	GlobalSection(NestedProjects) = preSolution
		{EF9DA832-9B70-4EE3-AD94-C6DBD2686D0E} = {2487D795-1977-45B5-8894-B5893157F0FF}
		{62ADD432-0752-464F-A7FA-17B8DD515EA8} = {2487D795-1977-45B5-8894-B5893157F0FF}
		{8FA8C95F-F9BF-4E6B-AD20-FD8BFFF103E5} = {2487D795-1977-45B5-8894-B5893157F0FF}
		{6809A6DF-7B0E-49FC-9E6A-994C57FC6167} = {62ADD432-0752-464F-A7FA-17B8DD515EA8}
		{CAB7A7E0-28EE-448B-9198-15C69762D89A} = {62ADD432-0752-464F-A7FA-17B8DD515EA8}
		{EA011C4E-CC4E-49D5-8438-DED962D3EC4D} = {62ADD432-0752-464F-A7FA-17B8DD515EA8}
		{4DEEB6BB-77C4-4FC2-9B4C-6D8832408232} = {8FA8C95F-F9BF-4E6B-AD20-FD8BFFF103E5}
		{1AB01A7D-E7BC-45EC-8409-8D7AE01123FA} = {8FA8C95F-F9BF-4E6B-AD20-FD8BFFF103E5}
		{7A202B57-45AC-43AF-AFF5-D3BD8F61172A} = {2487D795-1977-45B5-8894-B5893157F0FF}
		{B268B400-93DB-47E3-A73C-0A971A4658F9} = {7A202B57-45AC-43AF-AFF5-D3BD8F61172A}
		{7A07CAAC-5306-4400-9370-BA0F39D55747} = {7A202B57-45AC-43AF-AFF5-D3BD8F61172A}
		{6D1E7B0C-5BB4-47ED-A18B-2232F674CDA4} = {EF9DA832-9B70-4EE3-AD94-C6DBD2686D0E}
	EndGlobalSection
	GlobalSection(ExtensibilityGlobals) = postSolution
		SolutionGuid = {F3293C17-CD06-425D-A34D-F69B21C98507}
	EndGlobalSection
EndGlobal
